
Microsoft Visual Studio Solution File, Format Version 12.00
# Visual Studio Version 16
VisualStudioVersion = 16.0.30114.105
MinimumVisualStudioVersion = 10.0.40219.1
Project("{FAE04EC0-301F-11D3-BF4B-00C04F79EFBC}") = "API", "API\API.csproj", "{08426EC3-3C3B-4E3A-88A7-FCD280530BA1}"
EndProject
Project("{FAE04EC0-301F-11D3-BF4B-00C04F79EFBC}") = "Core", "Core\Core.csproj", "{88DDF9BE-36BE-45CE-ABF1-FB85D5FCBE16}"
EndProject
Project("{FAE04EC0-301F-11D3-BF4B-00C04F79EFBC}") = "Infrastructure", "Infrastructure\Infrastructure.csproj", "{EF8729DC-6EF7-4FB6-976F-B4760F0BA9FA}"
EndProject
Global
	GlobalSection(SolutionConfigurationPlatforms) = preSolution
		Debug|Any CPU = Debug|Any CPU
		Debug|x64 = Debug|x64
		Debug|x86 = Debug|x86
		Release|Any CPU = Release|Any CPU
		Release|x64 = Release|x64
		Release|x86 = Release|x86
	EndGlobalSection
	GlobalSection(SolutionProperties) = preSolution
		HideSolutionNode = FALSE
	EndGlobalSection
	GlobalSection(ProjectConfigurationPlatforms) = postSolution
		{08426EC3-3C3B-4E3A-88A7-FCD280530BA1}.Debug|Any CPU.ActiveCfg = Debug|Any CPU
		{08426EC3-3C3B-4E3A-88A7-FCD280530BA1}.Debug|Any CPU.Build.0 = Debug|Any CPU
		{08426EC3-3C3B-4E3A-88A7-FCD280530BA1}.Debug|x64.ActiveCfg = Debug|Any CPU
		{08426EC3-3C3B-4E3A-88A7-FCD280530BA1}.Debug|x64.Build.0 = Debug|Any CPU
		{08426EC3-3C3B-4E3A-88A7-FCD280530BA1}.Debug|x86.ActiveCfg = Debug|Any CPU
		{08426EC3-3C3B-4E3A-88A7-FCD280530BA1}.Debug|x86.Build.0 = Debug|Any CPU
		{08426EC3-3C3B-4E3A-88A7-FCD280530BA1}.Release|Any CPU.ActiveCfg = Release|Any CPU
		{08426EC3-3C3B-4E3A-88A7-FCD280530BA1}.Release|Any CPU.Build.0 = Release|Any CPU
		{08426EC3-3C3B-4E3A-88A7-FCD280530BA1}.Release|x64.ActiveCfg = Release|Any CPU
		{08426EC3-3C3B-4E3A-88A7-FCD280530BA1}.Release|x64.Build.0 = Release|Any CPU
		{08426EC3-3C3B-4E3A-88A7-FCD280530BA1}.Release|x86.ActiveCfg = Release|Any CPU
		{08426EC3-3C3B-4E3A-88A7-FCD280530BA1}.Release|x86.Build.0 = Release|Any CPU
		{88DDF9BE-36BE-45CE-ABF1-FB85D5FCBE16}.Debug|Any CPU.ActiveCfg = Debug|Any CPU
		{88DDF9BE-36BE-45CE-ABF1-FB85D5FCBE16}.Debug|Any CPU.Build.0 = Debug|Any CPU
		{88DDF9BE-36BE-45CE-ABF1-FB85D5FCBE16}.Debug|x64.ActiveCfg = Debug|Any CPU
		{88DDF9BE-36BE-45CE-ABF1-FB85D5FCBE16}.Debug|x64.Build.0 = Debug|Any CPU
		{88DDF9BE-36BE-45CE-ABF1-FB85D5FCBE16}.Debug|x86.ActiveCfg = Debug|Any CPU
		{88DDF9BE-36BE-45CE-ABF1-FB85D5FCBE16}.Debug|x86.Build.0 = Debug|Any CPU
		{88DDF9BE-36BE-45CE-ABF1-FB85D5FCBE16}.Release|Any CPU.ActiveCfg = Release|Any CPU
		{88DDF9BE-36BE-45CE-ABF1-FB85D5FCBE16}.Release|Any CPU.Build.0 = Release|Any CPU
		{88DDF9BE-36BE-45CE-ABF1-FB85D5FCBE16}.Release|x64.ActiveCfg = Release|Any CPU
		{88DDF9BE-36BE-45CE-ABF1-FB85D5FCBE16}.Release|x64.Build.0 = Release|Any CPU
		{88DDF9BE-36BE-45CE-ABF1-FB85D5FCBE16}.Release|x86.ActiveCfg = Release|Any CPU
		{88DDF9BE-36BE-45CE-ABF1-FB85D5FCBE16}.Release|x86.Build.0 = Release|Any CPU
		{EF8729DC-6EF7-4FB6-976F-B4760F0BA9FA}.Debug|Any CPU.ActiveCfg = Debug|Any CPU
		{EF8729DC-6EF7-4FB6-976F-B4760F0BA9FA}.Debug|Any CPU.Build.0 = Debug|Any CPU
		{EF8729DC-6EF7-4FB6-976F-B4760F0BA9FA}.Debug|x64.ActiveCfg = Debug|Any CPU
		{EF8729DC-6EF7-4FB6-976F-B4760F0BA9FA}.Debug|x64.Build.0 = Debug|Any CPU
		{EF8729DC-6EF7-4FB6-976F-B4760F0BA9FA}.Debug|x86.ActiveCfg = Debug|Any CPU
		{EF8729DC-6EF7-4FB6-976F-B4760F0BA9FA}.Debug|x86.Build.0 = Debug|Any CPU
		{EF8729DC-6EF7-4FB6-976F-B4760F0BA9FA}.Release|Any CPU.ActiveCfg = Release|Any CPU
		{EF8729DC-6EF7-4FB6-976F-B4760F0BA9FA}.Release|Any CPU.Build.0 = Release|Any CPU
		{EF8729DC-6EF7-4FB6-976F-B4760F0BA9FA}.Release|x64.ActiveCfg = Release|Any CPU
		{EF8729DC-6EF7-4FB6-976F-B4760F0BA9FA}.Release|x64.Build.0 = Release|Any CPU
		{EF8729DC-6EF7-4FB6-976F-B4760F0BA9FA}.Release|x86.ActiveCfg = Release|Any CPU
		{EF8729DC-6EF7-4FB6-976F-B4760F0BA9FA}.Release|x86.Build.0 = Release|Any CPU
	EndGlobalSection
EndGlobal
